
Microsoft Visual Studio Solution File, Format Version 12.00
# Visual Studio Version 17
VisualStudioVersion = 17.0.31903.59
MinimumVisualStudioVersion = 10.0.40219.1
Project("{FAE04EC0-301F-11D3-BF4B-00C04F79EFBC}") = "Jellyfin.Plugin.AutoCrop", "Jellyfin.Plugin.AutoCrop\Jellyfin.Plugin.AutoCrop.csproj", "{86DE7598-BE14-4FBE-85DA-A31CC767EDEE}"
EndProject
Project("{FAE04EC0-301F-11D3-BF4B-00C04F79EFBC}") = "Jellyfin.Plugin.AutoCrop.Tests", "Jellyfin.Plugin.AutoCrop.Tests\Jellyfin.Plugin.AutoCrop.Tests.csproj", "{8FCEF639-CB00-4287-B091-C9405D8DFFF1}"
EndProject
Global
	GlobalSection(SolutionConfigurationPlatforms) = preSolution
		Debug|Any CPU = Debug|Any CPU
		Debug|x64 = Debug|x64
		Debug|x86 = Debug|x86
		Release|Any CPU = Release|Any CPU
		Release|x64 = Release|x64
		Release|x86 = Release|x86
	EndGlobalSection
	GlobalSection(ProjectConfigurationPlatforms) = postSolution
		{86DE7598-BE14-4FBE-85DA-A31CC767EDEE}.Debug|Any CPU.ActiveCfg = Debug|Any CPU
		{86DE7598-BE14-4FBE-85DA-A31CC767EDEE}.Debug|Any CPU.Build.0 = Debug|Any CPU
		{86DE7598-BE14-4FBE-85DA-A31CC767EDEE}.Debug|x64.ActiveCfg = Debug|Any CPU
		{86DE7598-BE14-4FBE-85DA-A31CC767EDEE}.Debug|x64.Build.0 = Debug|Any CPU
		{86DE7598-BE14-4FBE-85DA-A31CC767EDEE}.Debug|x86.ActiveCfg = Debug|Any CPU
		{86DE7598-BE14-4FBE-85DA-A31CC767EDEE}.Debug|x86.Build.0 = Debug|Any CPU
		{86DE7598-BE14-4FBE-85DA-A31CC767EDEE}.Release|Any CPU.ActiveCfg = Release|Any CPU
		{86DE7598-BE14-4FBE-85DA-A31CC767EDEE}.Release|Any CPU.Build.0 = Release|Any CPU
		{86DE7598-BE14-4FBE-85DA-A31CC767EDEE}.Release|x64.ActiveCfg = Release|Any CPU
		{86DE7598-BE14-4FBE-85DA-A31CC767EDEE}.Release|x64.Build.0 = Release|Any CPU
		{86DE7598-BE14-4FBE-85DA-A31CC767EDEE}.Release|x86.ActiveCfg = Release|Any CPU
		{86DE7598-BE14-4FBE-85DA-A31CC767EDEE}.Release|x86.Build.0 = Release|Any CPU
		{8FCEF639-CB00-4287-B091-C9405D8DFFF1}.Debug|Any CPU.ActiveCfg = Debug|Any CPU
		{8FCEF639-CB00-4287-B091-C9405D8DFFF1}.Debug|Any CPU.Build.0 = Debug|Any CPU
		{8FCEF639-CB00-4287-B091-C9405D8DFFF1}.Debug|x64.ActiveCfg = Debug|Any CPU
		{8FCEF639-CB00-4287-B091-C9405D8DFFF1}.Debug|x64.Build.0 = Debug|Any CPU
		{8FCEF639-CB00-4287-B091-C9405D8DFFF1}.Debug|x86.ActiveCfg = Debug|Any CPU
		{8FCEF639-CB00-4287-B091-C9405D8DFFF1}.Debug|x86.Build.0 = Debug|Any CPU
		{8FCEF639-CB00-4287-B091-C9405D8DFFF1}.Release|Any CPU.ActiveCfg = Release|Any CPU
		{8FCEF639-CB00-4287-B091-C9405D8DFFF1}.Release|Any CPU.Build.0 = Release|Any CPU
		{8FCEF639-CB00-4287-B091-C9405D8DFFF1}.Release|x64.ActiveCfg = Release|Any CPU
		{8FCEF639-CB00-4287-B091-C9405D8DFFF1}.Release|x64.Build.0 = Release|Any CPU
		{8FCEF639-CB00-4287-B091-C9405D8DFFF1}.Release|x86.ActiveCfg = Release|Any CPU
		{8FCEF639-CB00-4287-B091-C9405D8DFFF1}.Release|x86.Build.0 = Release|Any CPU
	EndGlobalSection
	GlobalSection(SolutionProperties) = preSolution
		HideSolutionNode = FALSE
	EndGlobalSection
EndGlobal
